
Microsoft Visual Studio Solution File, Format Version 12.00
# Visual Studio 14
VisualStudioVersion = 14.0.23107.0
MinimumVisualStudioVersion = 10.0.40219.1
Project("{FAE04EC0-301F-11D3-BF4B-00C04F79EFBC}") = "Authenticationservice", "Authenticationservice\Authenticationservice.csproj", "{07439958-D733-4642-BCD0-1EDBB4588E3D}"
EndProject
Project("{FAE04EC0-301F-11D3-BF4B-00C04F79EFBC}") = "EMailSecurityStep", "EMailSecurityStep\EMailSecurityStep.csproj", "{115AE1F9-2927-4E45-AD73-62DC7FACD567}"
EndProject
Project("{FAE04EC0-301F-11D3-BF4B-00C04F79EFBC}") = "EMailSecurityStep.Tests", "EMailSecurityStep.Tests\EMailSecurityStep.Tests.csproj", "{343355EB-BAC7-4C36-8DDD-9BE7E920EB76}"
EndProject
Project("{FAE04EC0-301F-11D3-BF4B-00C04F79EFBC}") = "EMailSecurityStepLib", "EMailSecurityStepLib\EMailSecurityStepLib.csproj", "{0B73482D-64A2-410D-88BC-276072EED1D1}"
EndProject
Project("{FAE04EC0-301F-11D3-BF4B-00C04F79EFBC}") = "SMSSecurityStep", "SMSSecurityStep\SMSSecurityStep.csproj", "{F6EC597C-36E7-4A40-96C3-AC250DC031B8}"
EndProject
Project("{FAE04EC0-301F-11D3-BF4B-00C04F79EFBC}") = "SMSSecurityStep.Tests", "SMSSecurityStep.Tests\SMSSecurityStep.Tests.csproj", "{7F68B7AA-6609-4008-A2AE-46EF019D0B61}"
EndProject
Project("{FAE04EC0-301F-11D3-BF4B-00C04F79EFBC}") = "SMSSecurityStepLib", "SMSSecurityStepLib\SMSSecurityStepLib.csproj", "{DCDD0835-F7A5-4355-B983-27DB0E31C77B}"
EndProject
Project("{FAE04EC0-301F-11D3-BF4B-00C04F79EFBC}") = "SecurityStepContract", "SecurityStepContract\SecurityStepContract.csproj", "{127B21CF-55D0-4D8B-9814-324985ED05A8}"
EndProject
Project("{FAE04EC0-301F-11D3-BF4B-00C04F79EFBC}") = "PhoneSecurityStep", "PhoneSecurityStep\PhoneSecurityStep.csproj", "{F2C3DE23-4D5A-42E9-A299-54A299ED3290}"
EndProject
Project("{FAE04EC0-301F-11D3-BF4B-00C04F79EFBC}") = "PhoneSecurityStep.Tests", "PhoneSecurityStep.Tests\PhoneSecurityStep.Tests.csproj", "{3D8CA3D9-3077-4497-A62E-E61E8907B19A}"
EndProject
Project("{FAE04EC0-301F-11D3-BF4B-00C04F79EFBC}") = "PhoneSecurityStepLib", "PhoneSecurityStepLib\PhoneSecurityStepLib.csproj", "{2530D77A-575A-4368-B766-A92132A936B9}"
EndProject
Project("{FAE04EC0-301F-11D3-BF4B-00C04F79EFBC}") = "PassportSecurityStep", "PassportSecurityStep\PassportSecurityStep.csproj", "{4421B0D7-7DF4-467C-B4D0-2521A91F8F63}"
EndProject
Project("{FAE04EC0-301F-11D3-BF4B-00C04F79EFBC}") = "PassportSecurityStep.Tests", "PassportSecurityStep.Tests\PassportSecurityStep.Tests.csproj", "{DE354F1E-5956-42AC-B30E-7B069B279F73}"
EndProject
Project("{FAE04EC0-301F-11D3-BF4B-00C04F79EFBC}") = "PassportSecurityStepLib", "PassportSecurityStepLib\PassportSecurityStepLib.csproj", "{BE3A7C3A-7529-4E0C-B2CC-81B2A981FF65}"
EndProject
Global
	GlobalSection(SolutionConfigurationPlatforms) = preSolution
		Debug|Any CPU = Debug|Any CPU
		Release|Any CPU = Release|Any CPU
	EndGlobalSection
	GlobalSection(ProjectConfigurationPlatforms) = postSolution
		{07439958-D733-4642-BCD0-1EDBB4588E3D}.Debug|Any CPU.ActiveCfg = Debug|Any CPU
		{07439958-D733-4642-BCD0-1EDBB4588E3D}.Debug|Any CPU.Build.0 = Debug|Any CPU
		{07439958-D733-4642-BCD0-1EDBB4588E3D}.Release|Any CPU.ActiveCfg = Release|Any CPU
		{07439958-D733-4642-BCD0-1EDBB4588E3D}.Release|Any CPU.Build.0 = Release|Any CPU
		{115AE1F9-2927-4E45-AD73-62DC7FACD567}.Debug|Any CPU.ActiveCfg = Debug|Any CPU
		{115AE1F9-2927-4E45-AD73-62DC7FACD567}.Debug|Any CPU.Build.0 = Debug|Any CPU
		{115AE1F9-2927-4E45-AD73-62DC7FACD567}.Release|Any CPU.ActiveCfg = Release|Any CPU
		{115AE1F9-2927-4E45-AD73-62DC7FACD567}.Release|Any CPU.Build.0 = Release|Any CPU
		{343355EB-BAC7-4C36-8DDD-9BE7E920EB76}.Debug|Any CPU.ActiveCfg = Debug|Any CPU
		{343355EB-BAC7-4C36-8DDD-9BE7E920EB76}.Debug|Any CPU.Build.0 = Debug|Any CPU
		{343355EB-BAC7-4C36-8DDD-9BE7E920EB76}.Release|Any CPU.ActiveCfg = Release|Any CPU
		{343355EB-BAC7-4C36-8DDD-9BE7E920EB76}.Release|Any CPU.Build.0 = Release|Any CPU
		{0B73482D-64A2-410D-88BC-276072EED1D1}.Debug|Any CPU.ActiveCfg = Debug|Any CPU
		{0B73482D-64A2-410D-88BC-276072EED1D1}.Debug|Any CPU.Build.0 = Debug|Any CPU
		{0B73482D-64A2-410D-88BC-276072EED1D1}.Release|Any CPU.ActiveCfg = Release|Any CPU
		{0B73482D-64A2-410D-88BC-276072EED1D1}.Release|Any CPU.Build.0 = Release|Any CPU
		{F6EC597C-36E7-4A40-96C3-AC250DC031B8}.Debug|Any CPU.ActiveCfg = Debug|Any CPU
		{F6EC597C-36E7-4A40-96C3-AC250DC031B8}.Debug|Any CPU.Build.0 = Debug|Any CPU
		{F6EC597C-36E7-4A40-96C3-AC250DC031B8}.Release|Any CPU.ActiveCfg = Release|Any CPU
		{F6EC597C-36E7-4A40-96C3-AC250DC031B8}.Release|Any CPU.Build.0 = Release|Any CPU
		{7F68B7AA-6609-4008-A2AE-46EF019D0B61}.Debug|Any CPU.ActiveCfg = Debug|Any CPU
		{7F68B7AA-6609-4008-A2AE-46EF019D0B61}.Debug|Any CPU.Build.0 = Debug|Any CPU
		{7F68B7AA-6609-4008-A2AE-46EF019D0B61}.Release|Any CPU.ActiveCfg = Release|Any CPU
		{7F68B7AA-6609-4008-A2AE-46EF019D0B61}.Release|Any CPU.Build.0 = Release|Any CPU
		{DCDD0835-F7A5-4355-B983-27DB0E31C77B}.Debug|Any CPU.ActiveCfg = Debug|Any CPU
		{DCDD0835-F7A5-4355-B983-27DB0E31C77B}.Debug|Any CPU.Build.0 = Debug|Any CPU
		{DCDD0835-F7A5-4355-B983-27DB0E31C77B}.Release|Any CPU.ActiveCfg = Release|Any CPU
		{DCDD0835-F7A5-4355-B983-27DB0E31C77B}.Release|Any CPU.Build.0 = Release|Any CPU
		{127B21CF-55D0-4D8B-9814-324985ED05A8}.Debug|Any CPU.ActiveCfg = Debug|Any CPU
		{127B21CF-55D0-4D8B-9814-324985ED05A8}.Debug|Any CPU.Build.0 = Debug|Any CPU
		{127B21CF-55D0-4D8B-9814-324985ED05A8}.Release|Any CPU.ActiveCfg = Release|Any CPU
		{127B21CF-55D0-4D8B-9814-324985ED05A8}.Release|Any CPU.Build.0 = Release|Any CPU
		{F2C3DE23-4D5A-42E9-A299-54A299ED3290}.Debug|Any CPU.ActiveCfg = Debug|Any CPU
		{F2C3DE23-4D5A-42E9-A299-54A299ED3290}.Debug|Any CPU.Build.0 = Debug|Any CPU
		{F2C3DE23-4D5A-42E9-A299-54A299ED3290}.Release|Any CPU.ActiveCfg = Release|Any CPU
		{F2C3DE23-4D5A-42E9-A299-54A299ED3290}.Release|Any CPU.Build.0 = Release|Any CPU
		{3D8CA3D9-3077-4497-A62E-E61E8907B19A}.Debug|Any CPU.ActiveCfg = Debug|Any CPU
		{3D8CA3D9-3077-4497-A62E-E61E8907B19A}.Debug|Any CPU.Build.0 = Debug|Any CPU
		{3D8CA3D9-3077-4497-A62E-E61E8907B19A}.Release|Any CPU.ActiveCfg = Release|Any CPU
		{3D8CA3D9-3077-4497-A62E-E61E8907B19A}.Release|Any CPU.Build.0 = Release|Any CPU
		{2530D77A-575A-4368-B766-A92132A936B9}.Debug|Any CPU.ActiveCfg = Debug|Any CPU
		{2530D77A-575A-4368-B766-A92132A936B9}.Debug|Any CPU.Build.0 = Debug|Any CPU
		{2530D77A-575A-4368-B766-A92132A936B9}.Release|Any CPU.ActiveCfg = Release|Any CPU
		{2530D77A-575A-4368-B766-A92132A936B9}.Release|Any CPU.Build.0 = Release|Any CPU
		{4421B0D7-7DF4-467C-B4D0-2521A91F8F63}.Debug|Any CPU.ActiveCfg = Debug|Any CPU
		{4421B0D7-7DF4-467C-B4D0-2521A91F8F63}.Debug|Any CPU.Build.0 = Debug|Any CPU
		{4421B0D7-7DF4-467C-B4D0-2521A91F8F63}.Release|Any CPU.ActiveCfg = Release|Any CPU
		{4421B0D7-7DF4-467C-B4D0-2521A91F8F63}.Release|Any CPU.Build.0 = Release|Any CPU
		{DE354F1E-5956-42AC-B30E-7B069B279F73}.Debug|Any CPU.ActiveCfg = Debug|Any CPU
		{DE354F1E-5956-42AC-B30E-7B069B279F73}.Debug|Any CPU.Build.0 = Debug|Any CPU
		{DE354F1E-5956-42AC-B30E-7B069B279F73}.Release|Any CPU.ActiveCfg = Release|Any CPU
		{DE354F1E-5956-42AC-B30E-7B069B279F73}.Release|Any CPU.Build.0 = Release|Any CPU
		{BE3A7C3A-7529-4E0C-B2CC-81B2A981FF65}.Debug|Any CPU.ActiveCfg = Debug|Any CPU
		{BE3A7C3A-7529-4E0C-B2CC-81B2A981FF65}.Debug|Any CPU.Build.0 = Debug|Any CPU
		{BE3A7C3A-7529-4E0C-B2CC-81B2A981FF65}.Release|Any CPU.ActiveCfg = Release|Any CPU
		{BE3A7C3A-7529-4E0C-B2CC-81B2A981FF65}.Release|Any CPU.Build.0 = Release|Any CPU
	EndGlobalSection
	GlobalSection(SolutionProperties) = preSolution
		HideSolutionNode = FALSE
	EndGlobalSection
EndGlobal
